
Microsoft Visual Studio Solution File, Format Version 12.00
# Visual Studio Version 16
VisualStudioVersion = 16.0.29709.97
MinimumVisualStudioVersion = 10.0.40219.1
Project("{8BC9CEB8-8B4A-11D0-8D11-00A0C91BC942}") = "Sensors", "Sensors.vcxproj", "{F5441E4E-490B-4B81-B3A0-17B41CAAB5D6}"
EndProject
Project("{8BC9CEB8-8B4A-11D0-8D11-00A0C91BC942}") = "Managers", "..\Managers\Managers.vcxproj", "{EFC58858-D718-4C81-B6AB-7E87E032AE84}"
EndProject
Project("{8BC9CEB8-8B4A-11D0-8D11-00A0C91BC942}") = "Observers", "..\Observers\Observers.vcxproj", "{19EB2935-CDB3-4072-B2D8-AFA5A8849643}"
EndProject
Global
	GlobalSection(SolutionConfigurationPlatforms) = preSolution
		Debug|x64 = Debug|x64
		Debug|x86 = Debug|x86
		Release|x64 = Release|x64
		Release|x86 = Release|x86
	EndGlobalSection
	GlobalSection(ProjectConfigurationPlatforms) = postSolution
		{F5441E4E-490B-4B81-B3A0-17B41CAAB5D6}.Debug|x64.ActiveCfg = Debug|x64
		{F5441E4E-490B-4B81-B3A0-17B41CAAB5D6}.Debug|x64.Build.0 = Debug|x64
		{F5441E4E-490B-4B81-B3A0-17B41CAAB5D6}.Debug|x86.ActiveCfg = Debug|Win32
		{F5441E4E-490B-4B81-B3A0-17B41CAAB5D6}.Debug|x86.Build.0 = Debug|Win32
		{F5441E4E-490B-4B81-B3A0-17B41CAAB5D6}.Release|x64.ActiveCfg = Release|x64
		{F5441E4E-490B-4B81-B3A0-17B41CAAB5D6}.Release|x64.Build.0 = Release|x64
		{F5441E4E-490B-4B81-B3A0-17B41CAAB5D6}.Release|x86.ActiveCfg = Release|Win32
		{F5441E4E-490B-4B81-B3A0-17B41CAAB5D6}.Release|x86.Build.0 = Release|Win32
		{EFC58858-D718-4C81-B6AB-7E87E032AE84}.Debug|x64.ActiveCfg = Debug|x64
		{EFC58858-D718-4C81-B6AB-7E87E032AE84}.Debug|x64.Build.0 = Debug|x64
		{EFC58858-D718-4C81-B6AB-7E87E032AE84}.Debug|x86.ActiveCfg = Debug|Win32
		{EFC58858-D718-4C81-B6AB-7E87E032AE84}.Debug|x86.Build.0 = Debug|Win32
		{EFC58858-D718-4C81-B6AB-7E87E032AE84}.Release|x64.ActiveCfg = Release|x64
		{EFC58858-D718-4C81-B6AB-7E87E032AE84}.Release|x64.Build.0 = Release|x64
		{EFC58858-D718-4C81-B6AB-7E87E032AE84}.Release|x86.ActiveCfg = Release|Win32
		{EFC58858-D718-4C81-B6AB-7E87E032AE84}.Release|x86.Build.0 = Release|Win32
		{19EB2935-CDB3-4072-B2D8-AFA5A8849643}.Debug|x64.ActiveCfg = Debug|x64
		{19EB2935-CDB3-4072-B2D8-AFA5A8849643}.Debug|x64.Build.0 = Debug|x64
		{19EB2935-CDB3-4072-B2D8-AFA5A8849643}.Debug|x86.ActiveCfg = Debug|Win32
		{19EB2935-CDB3-4072-B2D8-AFA5A8849643}.Debug|x86.Build.0 = Debug|Win32
		{19EB2935-CDB3-4072-B2D8-AFA5A8849643}.Release|x64.ActiveCfg = Release|x64
		{19EB2935-CDB3-4072-B2D8-AFA5A8849643}.Release|x64.Build.0 = Release|x64
		{19EB2935-CDB3-4072-B2D8-AFA5A8849643}.Release|x86.ActiveCfg = Release|Win32
		{19EB2935-CDB3-4072-B2D8-AFA5A8849643}.Release|x86.Build.0 = Release|Win32
	EndGlobalSection
	GlobalSection(SolutionProperties) = preSolution
		HideSolutionNode = FALSE
	EndGlobalSection
	GlobalSection(ExtensibilityGlobals) = postSolution
		SolutionGuid = {FE89A0C9-1BDE-42CD-AFB8-B2226A2F68D7}
	EndGlobalSection
EndGlobal
